
Microsoft Visual Studio Solution File, Format Version 12.00
# Visual Studio Version 16
VisualStudioVersion = 16.0.29709.97
MinimumVisualStudioVersion = 10.0.40219.1
Project("{FAE04EC0-301F-11D3-BF4B-00C04F79EFBC}") = "DiDongTrongToi", "DiDongTrongToi\DiDongTrongToi.csproj", "{1D0C66C2-DACB-4457-AD15-D66AC933115D}"
EndProject
Global
	GlobalSection(SolutionConfigurationPlatforms) = preSolution
		Debug|Any CPU = Debug|Any CPU
		Release|Any CPU = Release|Any CPU
	EndGlobalSection
	GlobalSection(ProjectConfigurationPlatforms) = postSolution
		{1D0C66C2-DACB-4457-AD15-D66AC933115D}.Debug|Any CPU.ActiveCfg = Debug|Any CPU
		{1D0C66C2-DACB-4457-AD15-D66AC933115D}.Debug|Any CPU.Build.0 = Debug|Any CPU
		{1D0C66C2-DACB-4457-AD15-D66AC933115D}.Release|Any CPU.ActiveCfg = Release|Any CPU
		{1D0C66C2-DACB-4457-AD15-D66AC933115D}.Release|Any CPU.Build.0 = Release|Any CPU
	EndGlobalSection
	GlobalSection(SolutionProperties) = preSolution
		HideSolutionNode = FALSE
	EndGlobalSection
	GlobalSection(ExtensibilityGlobals) = postSolution
		SolutionGuid = {803D156B-31D3-4D66-B1B0-B066BAD29D85}
	EndGlobalSection
EndGlobal
